
Microsoft Visual Studio Solution File, Format Version 12.00
# Visual Studio Version 17
VisualStudioVersion = 17.8.34330.188
MinimumVisualStudioVersion = 10.0.40219.1
Project("{FAE04EC0-301F-11D3-BF4B-00C04F79EFBC}") = "DiceRoller", "DiceRoller.csproj", "{0838C226-E2AE-406B-8796-5EC69F9FEBF0}"
EndProject
Global
	GlobalSection(SolutionConfigurationPlatforms) = preSolution
		Debug|Any CPU = Debug|Any CPU
		Release|Any CPU = Release|Any CPU
	EndGlobalSection
	GlobalSection(ProjectConfigurationPlatforms) = postSolution
		{0838C226-E2AE-406B-8796-5EC69F9FEBF0}.Debug|Any CPU.ActiveCfg = Debug|Any CPU
		{0838C226-E2AE-406B-8796-5EC69F9FEBF0}.Debug|Any CPU.Build.0 = Debug|Any CPU
		{0838C226-E2AE-406B-8796-5EC69F9FEBF0}.Release|Any CPU.ActiveCfg = Release|Any CPU
		{0838C226-E2AE-406B-8796-5EC69F9FEBF0}.Release|Any CPU.Build.0 = Release|Any CPU
	EndGlobalSection
	GlobalSection(SolutionProperties) = preSolution
		HideSolutionNode = FALSE
	EndGlobalSection
	GlobalSection(ExtensibilityGlobals) = postSolution
		SolutionGuid = {28ADD762-5A60-47B5-8495-DDDB87413550}
	EndGlobalSection
EndGlobal
